
Microsoft Visual Studio Solution File, Format Version 12.00
# Visual Studio Version 17
VisualStudioVersion = 17.14.36119.2 d17.14
MinimumVisualStudioVersion = 10.0.40219.1
Project("{FAE04EC0-301F-11D3-BF4B-00C04F79EFBC}") = "cextest2", "cextest2\cextest2.csproj", "{C5AE1F16-A87D-418E-AA20-FBA96E2BEB1A}"
EndProject
Global
	GlobalSection(SolutionConfigurationPlatforms) = preSolution
		Debug|Any CPU = Debug|Any CPU
		Release|Any CPU = Release|Any CPU
	EndGlobalSection
	GlobalSection(ProjectConfigurationPlatforms) = postSolution
		{C5AE1F16-A87D-418E-AA20-FBA96E2BEB1A}.Debug|Any CPU.ActiveCfg = Debug|Any CPU
		{C5AE1F16-A87D-418E-AA20-FBA96E2BEB1A}.Debug|Any CPU.Build.0 = Debug|Any CPU
		{C5AE1F16-A87D-418E-AA20-FBA96E2BEB1A}.Release|Any CPU.ActiveCfg = Release|Any CPU
		{C5AE1F16-A87D-418E-AA20-FBA96E2BEB1A}.Release|Any CPU.Build.0 = Release|Any CPU
	EndGlobalSection
	GlobalSection(SolutionProperties) = preSolution
		HideSolutionNode = FALSE
	EndGlobalSection
	GlobalSection(ExtensibilityGlobals) = postSolution
		SolutionGuid = {14264D2E-E6AF-44A8-B5D3-8EB3AB93B50F}
	EndGlobalSection
EndGlobal
